
Microsoft Visual Studio Solution File, Format Version 12.00
# Visual Studio 2012
Project("{FAE04EC0-301F-11D3-BF4B-00C04F79EFBC}") = "institute_Console system", "institute_Console system\institute_Console system.csproj", "{2E82B4FA-39DA-45A3-A0F6-E27775B040A4}"
EndProject
Global
	GlobalSection(SolutionConfigurationPlatforms) = preSolution
		Debug|Any CPU = Debug|Any CPU
		Release|Any CPU = Release|Any CPU
	EndGlobalSection
	GlobalSection(ProjectConfigurationPlatforms) = postSolution
		{2E82B4FA-39DA-45A3-A0F6-E27775B040A4}.Debug|Any CPU.ActiveCfg = Debug|Any CPU
		{2E82B4FA-39DA-45A3-A0F6-E27775B040A4}.Debug|Any CPU.Build.0 = Debug|Any CPU
		{2E82B4FA-39DA-45A3-A0F6-E27775B040A4}.Release|Any CPU.ActiveCfg = Release|Any CPU
		{2E82B4FA-39DA-45A3-A0F6-E27775B040A4}.Release|Any CPU.Build.0 = Release|Any CPU
	EndGlobalSection
	GlobalSection(SolutionProperties) = preSolution
		HideSolutionNode = FALSE
	EndGlobalSection
EndGlobal
